
Microsoft Visual Studio Solution File, Format Version 12.00
# Visual Studio Version 16
VisualStudioVersion = 16.0.31129.286
MinimumVisualStudioVersion = 10.0.40219.1
Project("{9A19103F-16F7-4668-BE54-9A1E7A4F7556}") = "Oscar_API", "Movies_API\Oscar_API.csproj", "{0FD8AD75-7A4E-414A-9160-DE9C654B37F0}"
EndProject
Project("{FAE04EC0-301F-11D3-BF4B-00C04F79EFBC}") = "Oscar.Domain", "Movies.Domain\Oscar.Domain.csproj", "{FDF08D30-819C-4652-947E-3525A274BBAF}"
EndProject
Project("{FAE04EC0-301F-11D3-BF4B-00C04F79EFBC}") = "Oscar.Services", "Movies.Services\Oscar.Services.csproj", "{B9F0298C-69FD-425D-8EBA-8F07147C052A}"
EndProject
Project("{FAE04EC0-301F-11D3-BF4B-00C04F79EFBC}") = "Oscar_Console", "Oscar_Console\Oscar_Console.csproj", "{CC23F325-B7A2-4312-B778-DF89A3AE4216}"
EndProject
Project("{FAE04EC0-301F-11D3-BF4B-00C04F79EFBC}") = "Oscar.Mediator", "Oscar.Mediator\Oscar.Mediator.csproj", "{411B57C0-095F-4138-975F-F69602DD2CF5}"
EndProject
Project("{FAE04EC0-301F-11D3-BF4B-00C04F79EFBC}") = "Oscar.CrossCutting", "Oscar.CrossCutting\Oscar.CrossCutting.csproj", "{0C0617DB-4C06-4553-B6B3-0383700F835A}"
EndProject
Global
	GlobalSection(SolutionConfigurationPlatforms) = preSolution
		Debug|Any CPU = Debug|Any CPU
		Release|Any CPU = Release|Any CPU
	EndGlobalSection
	GlobalSection(ProjectConfigurationPlatforms) = postSolution
		{0FD8AD75-7A4E-414A-9160-DE9C654B37F0}.Debug|Any CPU.ActiveCfg = Debug|Any CPU
		{0FD8AD75-7A4E-414A-9160-DE9C654B37F0}.Debug|Any CPU.Build.0 = Debug|Any CPU
		{0FD8AD75-7A4E-414A-9160-DE9C654B37F0}.Release|Any CPU.ActiveCfg = Release|Any CPU
		{0FD8AD75-7A4E-414A-9160-DE9C654B37F0}.Release|Any CPU.Build.0 = Release|Any CPU
		{FDF08D30-819C-4652-947E-3525A274BBAF}.Debug|Any CPU.ActiveCfg = Debug|Any CPU
		{FDF08D30-819C-4652-947E-3525A274BBAF}.Debug|Any CPU.Build.0 = Debug|Any CPU
		{FDF08D30-819C-4652-947E-3525A274BBAF}.Release|Any CPU.ActiveCfg = Release|Any CPU
		{FDF08D30-819C-4652-947E-3525A274BBAF}.Release|Any CPU.Build.0 = Release|Any CPU
		{B9F0298C-69FD-425D-8EBA-8F07147C052A}.Debug|Any CPU.ActiveCfg = Debug|Any CPU
		{B9F0298C-69FD-425D-8EBA-8F07147C052A}.Debug|Any CPU.Build.0 = Debug|Any CPU
		{B9F0298C-69FD-425D-8EBA-8F07147C052A}.Release|Any CPU.ActiveCfg = Release|Any CPU
		{B9F0298C-69FD-425D-8EBA-8F07147C052A}.Release|Any CPU.Build.0 = Release|Any CPU
		{CC23F325-B7A2-4312-B778-DF89A3AE4216}.Debug|Any CPU.ActiveCfg = Debug|Any CPU
		{CC23F325-B7A2-4312-B778-DF89A3AE4216}.Debug|Any CPU.Build.0 = Debug|Any CPU
		{CC23F325-B7A2-4312-B778-DF89A3AE4216}.Release|Any CPU.ActiveCfg = Release|Any CPU
		{CC23F325-B7A2-4312-B778-DF89A3AE4216}.Release|Any CPU.Build.0 = Release|Any CPU
		{411B57C0-095F-4138-975F-F69602DD2CF5}.Debug|Any CPU.ActiveCfg = Debug|Any CPU
		{411B57C0-095F-4138-975F-F69602DD2CF5}.Debug|Any CPU.Build.0 = Debug|Any CPU
		{411B57C0-095F-4138-975F-F69602DD2CF5}.Release|Any CPU.ActiveCfg = Release|Any CPU
		{411B57C0-095F-4138-975F-F69602DD2CF5}.Release|Any CPU.Build.0 = Release|Any CPU
		{0C0617DB-4C06-4553-B6B3-0383700F835A}.Debug|Any CPU.ActiveCfg = Debug|Any CPU
		{0C0617DB-4C06-4553-B6B3-0383700F835A}.Debug|Any CPU.Build.0 = Debug|Any CPU
		{0C0617DB-4C06-4553-B6B3-0383700F835A}.Release|Any CPU.ActiveCfg = Release|Any CPU
		{0C0617DB-4C06-4553-B6B3-0383700F835A}.Release|Any CPU.Build.0 = Release|Any CPU
	EndGlobalSection
	GlobalSection(SolutionProperties) = preSolution
		HideSolutionNode = FALSE
	EndGlobalSection
	GlobalSection(ExtensibilityGlobals) = postSolution
		SolutionGuid = {BF540364-1C8A-49B5-A819-22D033DAA7E3}
	EndGlobalSection
EndGlobal
